
Microsoft Visual Studio Solution File, Format Version 12.00
# Visual Studio Version 17
VisualStudioVersion = 17.11.35303.130
MinimumVisualStudioVersion = 10.0.40219.1
Project("{FAE04EC0-301F-11D3-BF4B-00C04F79EFBC}") = "MyCoreApp", "MyCoreApp\MyCoreApp.csproj", "{12E4D318-5802-4C82-AE2A-719B2B605016}"
EndProject
Global
	GlobalSection(SolutionConfigurationPlatforms) = preSolution
		Debug|Any CPU = Debug|Any CPU
		Release|Any CPU = Release|Any CPU
	EndGlobalSection
	GlobalSection(ProjectConfigurationPlatforms) = postSolution
		{12E4D318-5802-4C82-AE2A-719B2B605016}.Debug|Any CPU.ActiveCfg = Debug|Any CPU
		{12E4D318-5802-4C82-AE2A-719B2B605016}.Debug|Any CPU.Build.0 = Debug|Any CPU
		{12E4D318-5802-4C82-AE2A-719B2B605016}.Release|Any CPU.ActiveCfg = Release|Any CPU
		{12E4D318-5802-4C82-AE2A-719B2B605016}.Release|Any CPU.Build.0 = Release|Any CPU
	EndGlobalSection
	GlobalSection(SolutionProperties) = preSolution
		HideSolutionNode = FALSE
	EndGlobalSection
	GlobalSection(ExtensibilityGlobals) = postSolution
		SolutionGuid = {945D3B8E-24A8-4332-8F99-7E8B6FFDD782}
	EndGlobalSection
EndGlobal
